
Microsoft Visual Studio Solution File, Format Version 12.00
# Visual Studio Version 17
VisualStudioVersion = 17.0.31903.59
MinimumVisualStudioVersion = 10.0.40219.1
Project("{FAE04EC0-301F-11D3-BF4B-00C04F79EFBC}") = "ModListExporter.Core", "ModListExporter.Core\ModListExporter.Core.csproj", "{A13EFB04-0F30-4920-8629-C4A42867F95B}"
EndProject
Project("{FAE04EC0-301F-11D3-BF4B-00C04F79EFBC}") = "ModListExporter.Tests", "ModListExporter.Tests\ModListExporter.Tests.csproj", "{DEC3652F-A06B-43D6-9635-86DAF6DFE8BF}"
EndProject
Project("{FAE04EC0-301F-11D3-BF4B-00C04F79EFBC}") = "LocalMockServer", "LocalMockServer\LocalMockServer.csproj", "{B070B3BA-F70D-4F98-B705-DA24FF661170}"
EndProject
Global
	GlobalSection(SolutionConfigurationPlatforms) = preSolution
		Debug|Any CPU = Debug|Any CPU
		Release|Any CPU = Release|Any CPU
	EndGlobalSection
	GlobalSection(SolutionProperties) = preSolution
		HideSolutionNode = FALSE
	EndGlobalSection
	GlobalSection(ProjectConfigurationPlatforms) = postSolution
		{A13EFB04-0F30-4920-8629-C4A42867F95B}.Debug|Any CPU.ActiveCfg = Debug|Any CPU
		{A13EFB04-0F30-4920-8629-C4A42867F95B}.Debug|Any CPU.Build.0 = Debug|Any CPU
		{A13EFB04-0F30-4920-8629-C4A42867F95B}.Release|Any CPU.ActiveCfg = Release|Any CPU
		{A13EFB04-0F30-4920-8629-C4A42867F95B}.Release|Any CPU.Build.0 = Release|Any CPU
		{DEC3652F-A06B-43D6-9635-86DAF6DFE8BF}.Debug|Any CPU.ActiveCfg = Debug|Any CPU
		{DEC3652F-A06B-43D6-9635-86DAF6DFE8BF}.Debug|Any CPU.Build.0 = Debug|Any CPU
		{DEC3652F-A06B-43D6-9635-86DAF6DFE8BF}.Release|Any CPU.ActiveCfg = Release|Any CPU
		{DEC3652F-A06B-43D6-9635-86DAF6DFE8BF}.Release|Any CPU.Build.0 = Release|Any CPU
		{B070B3BA-F70D-4F98-B705-DA24FF661170}.Debug|Any CPU.ActiveCfg = Debug|Any CPU
		{B070B3BA-F70D-4F98-B705-DA24FF661170}.Debug|Any CPU.Build.0 = Debug|Any CPU
		{B070B3BA-F70D-4F98-B705-DA24FF661170}.Release|Any CPU.ActiveCfg = Release|Any CPU
		{B070B3BA-F70D-4F98-B705-DA24FF661170}.Release|Any CPU.Build.0 = Release|Any CPU
	EndGlobalSection
EndGlobal
